
Microsoft Visual Studio Solution File, Format Version 12.00
# Visual Studio 15
VisualStudioVersion = 15.0.26430.16
MinimumVisualStudioVersion = 10.0.40219.1
Project("{FAE04EC0-301F-11D3-BF4B-00C04F79EFBC}") = "TwitterReport.Web", "Web\TwitterReport.Web.csproj", "{5507EB75-F58B-4225-BBE6-FEB54CC2D3B5}"
EndProject
Project("{FAE04EC0-301F-11D3-BF4B-00C04F79EFBC}") = "TwitterReport.Services", "Services\TwitterReport.Services.csproj", "{C8F19F72-32C3-4B6F-BCE4-4173586FBA88}"
EndProject
Project("{FAE04EC0-301F-11D3-BF4B-00C04F79EFBC}") = "TwitterReport.Models", "Models\TwitterReport.Models.csproj", "{01DD8280-B073-42FD-A1DE-D2811D9FDB58}"
EndProject
Global
	GlobalSection(SolutionConfigurationPlatforms) = preSolution
		Debug|Any CPU = Debug|Any CPU
		Release|Any CPU = Release|Any CPU
	EndGlobalSection
	GlobalSection(ProjectConfigurationPlatforms) = postSolution
		{5507EB75-F58B-4225-BBE6-FEB54CC2D3B5}.Debug|Any CPU.ActiveCfg = Debug|Any CPU
		{5507EB75-F58B-4225-BBE6-FEB54CC2D3B5}.Debug|Any CPU.Build.0 = Debug|Any CPU
		{5507EB75-F58B-4225-BBE6-FEB54CC2D3B5}.Release|Any CPU.ActiveCfg = Release|Any CPU
		{5507EB75-F58B-4225-BBE6-FEB54CC2D3B5}.Release|Any CPU.Build.0 = Release|Any CPU
		{C8F19F72-32C3-4B6F-BCE4-4173586FBA88}.Debug|Any CPU.ActiveCfg = Debug|Any CPU
		{C8F19F72-32C3-4B6F-BCE4-4173586FBA88}.Debug|Any CPU.Build.0 = Debug|Any CPU
		{C8F19F72-32C3-4B6F-BCE4-4173586FBA88}.Release|Any CPU.ActiveCfg = Release|Any CPU
		{C8F19F72-32C3-4B6F-BCE4-4173586FBA88}.Release|Any CPU.Build.0 = Release|Any CPU
		{01DD8280-B073-42FD-A1DE-D2811D9FDB58}.Debug|Any CPU.ActiveCfg = Debug|Any CPU
		{01DD8280-B073-42FD-A1DE-D2811D9FDB58}.Debug|Any CPU.Build.0 = Debug|Any CPU
		{01DD8280-B073-42FD-A1DE-D2811D9FDB58}.Release|Any CPU.ActiveCfg = Release|Any CPU
		{01DD8280-B073-42FD-A1DE-D2811D9FDB58}.Release|Any CPU.Build.0 = Release|Any CPU
	EndGlobalSection
	GlobalSection(SolutionProperties) = preSolution
		HideSolutionNode = FALSE
	EndGlobalSection
EndGlobal
